
Microsoft Visual Studio Solution File, Format Version 12.00
# Visual Studio Version 17
VisualStudioVersion = 17.3.32804.467
MinimumVisualStudioVersion = 10.0.40219.1
Project("{2150E333-8FDC-42A3-9474-1A3956D46DE8}") = "Web", "Web", "{B246DA79-3193-44BD-B29D-85D7C40B8C20}"
EndProject
Project("{2150E333-8FDC-42A3-9474-1A3956D46DE8}") = "Domain", "Domain", "{1298B6DF-3E11-4192-A8E6-6672E45C2AB9}"
EndProject
Project("{2150E333-8FDC-42A3-9474-1A3956D46DE8}") = "Infrastructure", "Infrastructure", "{11572BE5-ACCB-42AB-8317-2C3377F6AA00}"
EndProject
Project("{2150E333-8FDC-42A3-9474-1A3956D46DE8}") = "Core", "Core", "{78DF91CF-E204-43A1-B864-FF4F6D4172DB}"
EndProject
Project("{2150E333-8FDC-42A3-9474-1A3956D46DE8}") = "Services", "Services", "{8C8D23F3-6DB7-4066-B258-0B53EF8683F5}"
EndProject
Project("{9A19103F-16F7-4668-BE54-9A1E7A4F7556}") = "Synotech.SMP.Web", "Synotech.SMP.Web\Synotech.SMP.Web.csproj", "{F7704A17-D9AB-4BC5-B25C-468A7E4581F3}"
EndProject
Project("{FAE04EC0-301F-11D3-BF4B-00C04F79EFBC}") = "Synotech.SMP.Core.Services", "Synotech.SMP.Core.Services\Synotech.SMP.Core.Services.csproj", "{E4AA2A29-3DE5-4D6C-BA25-EEE60516ECEE}"
EndProject
Project("{FAE04EC0-301F-11D3-BF4B-00C04F79EFBC}") = "Synotech.SMP.Core.Services.Interfaces", "Synotech.SMP.Core.Services.Interfaces\Synotech.SMP.Core.Services.Interfaces.csproj", "{8036633A-AC98-4050-AD94-AD12921E91A9}"
EndProject
Project("{FAE04EC0-301F-11D3-BF4B-00C04F79EFBC}") = "Synotech.SMP.WebAPI", "Synotech.SMP.WebAPI\Synotech.SMP.WebAPI.csproj", "{D8F30EAB-E2F1-455D-A95D-84A76164FEF3}"
EndProject
Global
	GlobalSection(SolutionConfigurationPlatforms) = preSolution
		Debug|Any CPU = Debug|Any CPU
		Release|Any CPU = Release|Any CPU
	EndGlobalSection
	GlobalSection(ProjectConfigurationPlatforms) = postSolution
		{F7704A17-D9AB-4BC5-B25C-468A7E4581F3}.Debug|Any CPU.ActiveCfg = Debug|Any CPU
		{F7704A17-D9AB-4BC5-B25C-468A7E4581F3}.Debug|Any CPU.Build.0 = Debug|Any CPU
		{F7704A17-D9AB-4BC5-B25C-468A7E4581F3}.Release|Any CPU.ActiveCfg = Release|Any CPU
		{F7704A17-D9AB-4BC5-B25C-468A7E4581F3}.Release|Any CPU.Build.0 = Release|Any CPU
		{E4AA2A29-3DE5-4D6C-BA25-EEE60516ECEE}.Debug|Any CPU.ActiveCfg = Debug|Any CPU
		{E4AA2A29-3DE5-4D6C-BA25-EEE60516ECEE}.Debug|Any CPU.Build.0 = Debug|Any CPU
		{E4AA2A29-3DE5-4D6C-BA25-EEE60516ECEE}.Release|Any CPU.ActiveCfg = Release|Any CPU
		{E4AA2A29-3DE5-4D6C-BA25-EEE60516ECEE}.Release|Any CPU.Build.0 = Release|Any CPU
		{8036633A-AC98-4050-AD94-AD12921E91A9}.Debug|Any CPU.ActiveCfg = Debug|Any CPU
		{8036633A-AC98-4050-AD94-AD12921E91A9}.Debug|Any CPU.Build.0 = Debug|Any CPU
		{8036633A-AC98-4050-AD94-AD12921E91A9}.Release|Any CPU.ActiveCfg = Release|Any CPU
		{8036633A-AC98-4050-AD94-AD12921E91A9}.Release|Any CPU.Build.0 = Release|Any CPU
		{D8F30EAB-E2F1-455D-A95D-84A76164FEF3}.Debug|Any CPU.ActiveCfg = Debug|Any CPU
		{D8F30EAB-E2F1-455D-A95D-84A76164FEF3}.Debug|Any CPU.Build.0 = Debug|Any CPU
		{D8F30EAB-E2F1-455D-A95D-84A76164FEF3}.Release|Any CPU.ActiveCfg = Release|Any CPU
		{D8F30EAB-E2F1-455D-A95D-84A76164FEF3}.Release|Any CPU.Build.0 = Release|Any CPU
	EndGlobalSection
	GlobalSection(SolutionProperties) = preSolution
		HideSolutionNode = FALSE
	EndGlobalSection
	GlobalSection(NestedProjects) = preSolution
		{F7704A17-D9AB-4BC5-B25C-468A7E4581F3} = {B246DA79-3193-44BD-B29D-85D7C40B8C20}
		{E4AA2A29-3DE5-4D6C-BA25-EEE60516ECEE} = {78DF91CF-E204-43A1-B864-FF4F6D4172DB}
		{8036633A-AC98-4050-AD94-AD12921E91A9} = {78DF91CF-E204-43A1-B864-FF4F6D4172DB}
		{D8F30EAB-E2F1-455D-A95D-84A76164FEF3} = {8C8D23F3-6DB7-4066-B258-0B53EF8683F5}
	EndGlobalSection
	GlobalSection(ExtensibilityGlobals) = postSolution
		SolutionGuid = {D8CFED8D-9142-451E-A09C-0085E059035B}
	EndGlobalSection
EndGlobal
