
Microsoft Visual Studio Solution File, Format Version 12.00
# Visual Studio Version 17
VisualStudioVersion = 17.3.32804.467
MinimumVisualStudioVersion = 10.0.40219.1
Project("{2150E333-8FDC-42A3-9474-1A3956D46DE8}") = "Web", "Web", "{B246DA79-3193-44BD-B29D-85D7C40B8C20}"
EndProject
Project("{2150E333-8FDC-42A3-9474-1A3956D46DE8}") = "Domain", "Domain", "{1298B6DF-3E11-4192-A8E6-6672E45C2AB9}"
EndProject
Project("{2150E333-8FDC-42A3-9474-1A3956D46DE8}") = "Infrastructure", "Infrastructure", "{11572BE5-ACCB-42AB-8317-2C3377F6AA00}"
EndProject
Project("{2150E333-8FDC-42A3-9474-1A3956D46DE8}") = "Core", "Core", "{78DF91CF-E204-43A1-B864-FF4F6D4172DB}"
EndProject
Project("{2150E333-8FDC-42A3-9474-1A3956D46DE8}") = "HttPServices", "HttPServices", "{8C8D23F3-6DB7-4066-B258-0B53EF8683F5}"
EndProject
Project("{9A19103F-16F7-4668-BE54-9A1E7A4F7556}") = "Synotech.SMP.Web", "Synotech.SMP.Web\Synotech.SMP.Web.csproj", "{F7704A17-D9AB-4BC5-B25C-468A7E4581F3}"
EndProject
Project("{9A19103F-16F7-4668-BE54-9A1E7A4F7556}") = "Synotech.SMP.WebAPI", "Synotech.SMP.WebAPI\Synotech.SMP.WebAPI.csproj", "{D8F30EAB-E2F1-455D-A95D-84A76164FEF3}"
EndProject
Project("{9A19103F-16F7-4668-BE54-9A1E7A4F7556}") = "Synotech.SMP.Web.UnitTests", "Synotech.SMP.Web.UnitTests\Synotech.SMP.Web.UnitTests.csproj", "{8970992F-18D1-4C7B-A60D-6EA5CDB9DF25}"
EndProject
Project("{2150E333-8FDC-42A3-9474-1A3956D46DE8}") = "Common", "Common", "{206C2301-FE31-476D-86E9-640FBDECE0C7}"
EndProject
Project("{9A19103F-16F7-4668-BE54-9A1E7A4F7556}") = "Synotech.SMP.Util", "Synotech.SMP.Util\Synotech.SMP.Util.csproj", "{3A6F128F-80F5-4C73-9E75-94618FEC8A5C}"
EndProject
Project("{9A19103F-16F7-4668-BE54-9A1E7A4F7556}") = "Synotech.SMP.Domain.Entities", "Synotech.SMP.Domain.Entities\Synotech.SMP.Domain.Entities.csproj", "{1D506AE1-1F39-4C63-88C3-CA51974352DD}"
EndProject
Project("{9A19103F-16F7-4668-BE54-9A1E7A4F7556}") = "Synotech.SMP.Core.Services", "Synotech.SMP.Core.Services\Synotech.SMP.Core.Services.csproj", "{0E1E0E59-8AAD-4BFD-A415-3B8EB93F2EC9}"
EndProject
Project("{9A19103F-16F7-4668-BE54-9A1E7A4F7556}") = "Synotech.SMP.Core.Interfaces", "Synotech.SMP.Core.Interfaces\Synotech.SMP.Core.Interfaces.csproj", "{3FF52FA7-DD0F-4D67-AF07-58233E830DDD}"
EndProject
Project("{9A19103F-16F7-4668-BE54-9A1E7A4F7556}") = "Synotech.SMP.Core.Models", "Synotech.SMP.Core.Models\Synotech.SMP.Core.Models.csproj", "{F9B8E031-8119-45D0-A5D1-109D980C7D36}"
EndProject
Project("{2150E333-8FDC-42A3-9474-1A3956D46DE8}") = "Data", "Data", "{77A4AB9C-9F5B-4B0F-B589-7080281C49CB}"
	ProjectSection(SolutionItems) = preProject
		AppDbContext.cs = AppDbContext.cs
	EndProjectSection
EndProject
Project("{FAE04EC0-301F-11D3-BF4B-00C04F79EFBC}") = "Synotech.SMP.Infrastructure.Data", "Synotech.SMP.Infrastructure.Data\Synotech.SMP.Infrastructure.Data.csproj", "{6794E911-4E1E-47C0-9412-48A9E83346EC}"
EndProject
Global
	GlobalSection(SolutionConfigurationPlatforms) = preSolution
		Debug|Any CPU = Debug|Any CPU
		Release|Any CPU = Release|Any CPU
	EndGlobalSection
	GlobalSection(ProjectConfigurationPlatforms) = postSolution
		{F7704A17-D9AB-4BC5-B25C-468A7E4581F3}.Debug|Any CPU.ActiveCfg = Debug|Any CPU
		{F7704A17-D9AB-4BC5-B25C-468A7E4581F3}.Debug|Any CPU.Build.0 = Debug|Any CPU
		{F7704A17-D9AB-4BC5-B25C-468A7E4581F3}.Release|Any CPU.ActiveCfg = Release|Any CPU
		{F7704A17-D9AB-4BC5-B25C-468A7E4581F3}.Release|Any CPU.Build.0 = Release|Any CPU
		{D8F30EAB-E2F1-455D-A95D-84A76164FEF3}.Debug|Any CPU.ActiveCfg = Debug|Any CPU
		{D8F30EAB-E2F1-455D-A95D-84A76164FEF3}.Debug|Any CPU.Build.0 = Debug|Any CPU
		{D8F30EAB-E2F1-455D-A95D-84A76164FEF3}.Release|Any CPU.ActiveCfg = Release|Any CPU
		{D8F30EAB-E2F1-455D-A95D-84A76164FEF3}.Release|Any CPU.Build.0 = Release|Any CPU
		{8970992F-18D1-4C7B-A60D-6EA5CDB9DF25}.Debug|Any CPU.ActiveCfg = Debug|Any CPU
		{8970992F-18D1-4C7B-A60D-6EA5CDB9DF25}.Debug|Any CPU.Build.0 = Debug|Any CPU
		{8970992F-18D1-4C7B-A60D-6EA5CDB9DF25}.Release|Any CPU.ActiveCfg = Release|Any CPU
		{8970992F-18D1-4C7B-A60D-6EA5CDB9DF25}.Release|Any CPU.Build.0 = Release|Any CPU
		{3A6F128F-80F5-4C73-9E75-94618FEC8A5C}.Debug|Any CPU.ActiveCfg = Debug|Any CPU
		{3A6F128F-80F5-4C73-9E75-94618FEC8A5C}.Debug|Any CPU.Build.0 = Debug|Any CPU
		{3A6F128F-80F5-4C73-9E75-94618FEC8A5C}.Release|Any CPU.ActiveCfg = Release|Any CPU
		{3A6F128F-80F5-4C73-9E75-94618FEC8A5C}.Release|Any CPU.Build.0 = Release|Any CPU
		{1D506AE1-1F39-4C63-88C3-CA51974352DD}.Debug|Any CPU.ActiveCfg = Debug|Any CPU
		{1D506AE1-1F39-4C63-88C3-CA51974352DD}.Debug|Any CPU.Build.0 = Debug|Any CPU
		{1D506AE1-1F39-4C63-88C3-CA51974352DD}.Release|Any CPU.ActiveCfg = Release|Any CPU
		{1D506AE1-1F39-4C63-88C3-CA51974352DD}.Release|Any CPU.Build.0 = Release|Any CPU
		{0E1E0E59-8AAD-4BFD-A415-3B8EB93F2EC9}.Debug|Any CPU.ActiveCfg = Debug|Any CPU
		{0E1E0E59-8AAD-4BFD-A415-3B8EB93F2EC9}.Debug|Any CPU.Build.0 = Debug|Any CPU
		{0E1E0E59-8AAD-4BFD-A415-3B8EB93F2EC9}.Release|Any CPU.ActiveCfg = Release|Any CPU
		{0E1E0E59-8AAD-4BFD-A415-3B8EB93F2EC9}.Release|Any CPU.Build.0 = Release|Any CPU
		{3FF52FA7-DD0F-4D67-AF07-58233E830DDD}.Debug|Any CPU.ActiveCfg = Debug|Any CPU
		{3FF52FA7-DD0F-4D67-AF07-58233E830DDD}.Debug|Any CPU.Build.0 = Debug|Any CPU
		{3FF52FA7-DD0F-4D67-AF07-58233E830DDD}.Release|Any CPU.ActiveCfg = Release|Any CPU
		{3FF52FA7-DD0F-4D67-AF07-58233E830DDD}.Release|Any CPU.Build.0 = Release|Any CPU
		{F9B8E031-8119-45D0-A5D1-109D980C7D36}.Debug|Any CPU.ActiveCfg = Debug|Any CPU
		{F9B8E031-8119-45D0-A5D1-109D980C7D36}.Debug|Any CPU.Build.0 = Debug|Any CPU
		{F9B8E031-8119-45D0-A5D1-109D980C7D36}.Release|Any CPU.ActiveCfg = Release|Any CPU
		{F9B8E031-8119-45D0-A5D1-109D980C7D36}.Release|Any CPU.Build.0 = Release|Any CPU
		{6794E911-4E1E-47C0-9412-48A9E83346EC}.Debug|Any CPU.ActiveCfg = Debug|Any CPU
		{6794E911-4E1E-47C0-9412-48A9E83346EC}.Debug|Any CPU.Build.0 = Debug|Any CPU
		{6794E911-4E1E-47C0-9412-48A9E83346EC}.Release|Any CPU.ActiveCfg = Release|Any CPU
		{6794E911-4E1E-47C0-9412-48A9E83346EC}.Release|Any CPU.Build.0 = Release|Any CPU
	EndGlobalSection
	GlobalSection(SolutionProperties) = preSolution
		HideSolutionNode = FALSE
	EndGlobalSection
	GlobalSection(NestedProjects) = preSolution
		{F7704A17-D9AB-4BC5-B25C-468A7E4581F3} = {B246DA79-3193-44BD-B29D-85D7C40B8C20}
		{D8F30EAB-E2F1-455D-A95D-84A76164FEF3} = {8C8D23F3-6DB7-4066-B258-0B53EF8683F5}
		{8970992F-18D1-4C7B-A60D-6EA5CDB9DF25} = {B246DA79-3193-44BD-B29D-85D7C40B8C20}
		{3A6F128F-80F5-4C73-9E75-94618FEC8A5C} = {206C2301-FE31-476D-86E9-640FBDECE0C7}
		{1D506AE1-1F39-4C63-88C3-CA51974352DD} = {1298B6DF-3E11-4192-A8E6-6672E45C2AB9}
		{0E1E0E59-8AAD-4BFD-A415-3B8EB93F2EC9} = {78DF91CF-E204-43A1-B864-FF4F6D4172DB}
		{3FF52FA7-DD0F-4D67-AF07-58233E830DDD} = {78DF91CF-E204-43A1-B864-FF4F6D4172DB}
		{F9B8E031-8119-45D0-A5D1-109D980C7D36} = {78DF91CF-E204-43A1-B864-FF4F6D4172DB}
		{77A4AB9C-9F5B-4B0F-B589-7080281C49CB} = {11572BE5-ACCB-42AB-8317-2C3377F6AA00}
		{6794E911-4E1E-47C0-9412-48A9E83346EC} = {77A4AB9C-9F5B-4B0F-B589-7080281C49CB}
	EndGlobalSection
	GlobalSection(ExtensibilityGlobals) = postSolution
		SolutionGuid = {D8CFED8D-9142-451E-A09C-0085E059035B}
	EndGlobalSection
EndGlobal
